# This file is automatically @generated by Cargo.
# It is not intended for manual editing.
version = 4

[[package]]
name = "d3dasm"
version = "0.1.0"
dependencies = [
 "dxbc",
]

[[package]]
name = "d3dasm-cli"
version = "0.1.0"
dependencies = [
 "d3dasm",
 "dxbc",
]

[[package]]
name = "dxbc"
version = "0.1.0"
